// !$*UTF8*$!
{
	archiveVersion = 1;
	classes = {
	};
	objectVersion = 55;
	objects = {

/* Begin PBXBuildFile section */
		034B6A262E469AD6000391B2 /* NoteAppApp.swift in Sources */ = {isa = PBXBuildFile; fileRef = 034B6A252E469AD6000391B2 /* NoteAppApp.swift */; };
		034B6A282E469AD6000391B2 /* ContentView.swift in Sources */ = {isa = PBXBuildFile; fileRef = 034B6A272E469AD6000391B2 /* ContentView.swift */; };
		034B6A2A2E469AD9000391B2 /* Assets.xcassets in Resources */ = {isa = PBXBuildFile; fileRef = 034B6A292E469AD9000391B2 /* Assets.xcassets */; };
		034B6A2D2E469AD9000391B2 /* Preview Assets.xcassets in Resources */ = {isa = PBXBuildFile; fileRef = 034B6A2C2E469AD9000391B2 /* Preview Assets.xcassets */; };
		034B6A382E469AD9000391B2 /* NoteAppTests.swift in Sources */ = {isa = PBXBuildFile; fileRef = 034B6A372E469AD9000391B2 /* NoteAppTests.swift */; };
		034B6A422E469AD9000391B2 /* NoteAppUITests.swift in Sources */ = {isa = PBXBuildFile; fileRef = 034B6A412E469AD9000391B2 /* NoteAppUITests.swift */; };
		034B6A442E469AD9000391B2 /* NoteAppUITestsLaunchTests.swift in Sources */ = {isa = PBXBuildFile; fileRef = 034B6A432E469AD9000391B2 /* NoteAppUITestsLaunchTests.swift */; };
/* End PBXBuildFile section */

/* Begin PBXContainerItemProxy section */
		034B6A342E469AD9000391B2 /* PBXContainerItemProxy */ = {
			isa = PBXContainerItemProxy;
			containerPortal = 034B6A1A2E469AD6000391B2 /* Project object */;
			proxyType = 1;
			remoteGlobalIDString = 034B6A212E469AD6000391B2;
			remoteInfo = NoteApp;
		};
		034B6A3E2E469AD9000391B2 /* PBXContainerItemProxy */ = {
			isa = PBXContainerItemProxy;
			containerPortal = 034B6A1A2E469AD6000391B2 /* Project object */;
			proxyType = 1;
			remoteGlobalIDString = 034B6A212E469AD6000391B2;
			remoteInfo = NoteApp;
		};
/* End PBXContainerItemProxy section */

/* Begin PBXFileReference section */
		034B6A222E469AD6000391B2 /* NoteApp.app */ = {isa = PBXFileReference; explicitFileType = wrapper.application; includeInIndex = 0; path = NoteApp.app; sourceTree = BUILT_PRODUCTS_DIR; };
		034B6A252E469AD6000391B2 /* NoteAppApp.swift */ = {isa = PBXFileReference; lastKnownFileType = sourcecode.swift; path = NoteAppApp.swift; sourceTree = "<group>"; };
		034B6A272E469AD6000391B2 /* ContentView.swift */ = {isa = PBXFileReference; lastKnownFileType = sourcecode.swift; path = ContentView.swift; sourceTree = "<group>"; };
		034B6A292E469AD9000391B2 /* Assets.xcassets */ = {isa = PBXFileReference; lastKnownFileType = folder.assetcatalog; path = Assets.xcassets; sourceTree = "<group>"; };
		034B6A2C2E469AD9000391B2 /* Preview Assets.xcassets */ = {isa = PBXFileReference; lastKnownFileType = folder.assetcatalog; path = "Preview Assets.xcassets"; sourceTree = "<group>"; };
		034B6A2E2E469AD9000391B2 /* NoteApp.entitlements */ = {isa = PBXFileReference; lastKnownFileType = text.plist.entitlements; path = NoteApp.entitlements; sourceTree = "<group>"; };
		034B6A332E469AD9000391B2 /* NoteAppTests.xctest */ = {isa = PBXFileReference; explicitFileType = wrapper.cfbundle; includeInIndex = 0; path = NoteAppTests.xctest; sourceTree = BUILT_PRODUCTS_DIR; };
		034B6A372E469AD9000391B2 /* NoteAppTests.swift */ = {isa = PBXFileReference; lastKnownFileType = sourcecode.swift; path = NoteAppTests.swift; sourceTree = "<group>"; };
		034B6A3D2E469AD9000391B2 /* NoteAppUITests.xctest */ = {isa = PBXFileReference; explicitFileType = wrapper.cfbundle; includeInIndex = 0; path = NoteAppUITests.xctest; sourceTree = BUILT_PRODUCTS_DIR; };
		034B6A412E469AD9000391B2 /* NoteAppUITests.swift */ = {isa = PBXFileReference; lastKnownFileType = sourcecode.swift; path = NoteAppUITests.swift; sourceTree = "<group>"; };
		034B6A432E469AD9000391B2 /* NoteAppUITestsLaunchTests.swift */ = {isa = PBXFileReference; lastKnownFileType = sourcecode.swift; path = NoteAppUITestsLaunchTests.swift; sourceTree = "<group>"; };
/* End PBXFileReference section */

/* Begin PBXFrameworksBuildPhase section */
		034B6A1F2E469AD6000391B2 /* Frameworks */ = {
			isa = PBXFrameworksBuildPhase;
			buildActionMask = 2147483647;
			files = (
			);
			runOnlyForDeploymentPostprocessing = 0;
		};
		034B6A302E469AD9000391B2 /* Frameworks */ = {
			isa = PBXFrameworksBuildPhase;
			buildActionMask = 2147483647;
			files = (
			);
			runOnlyForDeploymentPostprocessing = 0;
		};
		034B6A3A2E469AD9000391B2 /* Frameworks */ = {
			isa = PBXFrameworksBuildPhase;
			buildActionMask = 2147483647;
			files = (
			);
			runOnlyForDeploymentPostprocessing = 0;
		};
/* End PBXFrameworksBuildPhase section */

/* Begin PBXGroup section */
		034B6A192E469AD6000391B2 = {
			isa = PBXGroup;
			children = (
				034B6A242E469AD6000391B2 /* NoteApp */,
				034B6A362E469AD9000391B2 /* NoteAppTests */,
				034B6A402E469AD9000391B2 /* NoteAppUITests */,
				034B6A232E469AD6000391B2 /* Products */,
			);
			sourceTree = "<group>";
		};
		034B6A232E469AD6000391B2 /* Products */ = {
			isa = PBXGroup;
			children = (
				034B6A222E469AD6000391B2 /* NoteApp.app */,
				034B6A332E469AD9000391B2 /* NoteAppTests.xctest */,
				034B6A3D2E469AD9000391B2 /* NoteAppUITests.xctest */,
			);
			name = Products;
			sourceTree = "<group>";
		};
		034B6A242E469AD6000391B2 /* NoteApp */ = {
			isa = PBXGroup;
			children = (
				034B6A252E469AD6000391B2 /* NoteAppApp.swift */,
				034B6A272E469AD6000391B2 /* ContentView.swift */,
				034B6A292E469AD9000391B2 /* Assets.xcassets */,
				034B6A2E2E469AD9000391B2 /* NoteApp.entitlements */,
				034B6A2B2E469AD9000391B2 /* Preview Content */,
			);
			path = NoteApp;
			sourceTree = "<group>";
		};
		034B6A2B2E469AD9000391B2 /* Preview Content */ = {
			isa = PBXGroup;
			children = (
				034B6A2C2E469AD9000391B2 /* Preview Assets.xcassets */,
			);
			path = "Preview Content";
			sourceTree = "<group>";
		};
		034B6A362E469AD9000391B2 /* NoteAppTests */ = {
			isa = PBXGroup;
			children = (
				034B6A372E469AD9000391B2 /* NoteAppTests.swift */,
			);
			path = NoteAppTests;
			sourceTree = "<group>";
		};
		034B6A402E469AD9000391B2 /* NoteAppUITests */ = {
			isa = PBXGroup;
			children = (
				034B6A412E469AD9000391B2 /* NoteAppUITests.swift */,
				034B6A432E469AD9000391B2 /* NoteAppUITestsLaunchTests.swift */,
			);
			path = NoteAppUITests;
			sourceTree = "<group>";
		};
/* End PBXGroup section */

/* Begin PBXNativeTarget section */
		034B6A212E469AD6000391B2 /* NoteApp */ = {
			isa = PBXNativeTarget;
			buildConfigurationList = 034B6A472E469AD9000391B2 /* Build configuration list for PBXNativeTarget "NoteApp" */;
			buildPhases = (
				034B6A1E2E469AD6000391B2 /* Sources */,
				034B6A1F2E469AD6000391B2 /* Frameworks */,
				034B6A202E469AD6000391B2 /* Resources */,
			);
			buildRules = (
			);
			dependencies = (
			);
			name = NoteApp;
			productName = NoteApp;
			productReference = 034B6A222E469AD6000391B2 /* NoteApp.app */;
			productType = "com.apple.product-type.application";
		};
		034B6A322E469AD9000391B2 /* NoteAppTests */ = {
			isa = PBXNativeTarget;
			buildConfigurationList = 034B6A4A2E469AD9000391B2 /* Build configuration list for PBXNativeTarget "NoteAppTests" */;
			buildPhases = (
				034B6A2F2E469AD9000391B2 /* Sources */,
				034B6A302E469AD9000391B2 /* Frameworks */,
				034B6A312E469AD9000391B2 /* Resources */,
			);
			buildRules = (
			);
			dependencies = (
				034B6A352E469AD9000391B2 /* PBXTargetDependency */,
			);
			name = NoteAppTests;
			productName = NoteAppTests;
			productReference = 034B6A332E469AD9000391B2 /* NoteAppTests.xctest */;
			productType = "com.apple.product-type.bundle.unit-test";
		};
		034B6A3C2E469AD9000391B2 /* NoteAppUITests */ = {
			isa = PBXNativeTarget;
			buildConfigurationList = 034B6A4D2E469AD9000391B2 /* Build configuration list for PBXNativeTarget "NoteAppUITests" */;
			buildPhases = (
				034B6A392E469AD9000391B2 /* Sources */,
				034B6A3A2E469AD9000391B2 /* Frameworks */,
				034B6A3B2E469AD9000391B2 /* Resources */,
			);
			buildRules = (
			);
			dependencies = (
				034B6A3F2E469AD9000391B2 /* PBXTargetDependency */,
			);
			name = NoteAppUITests;
			productName = NoteAppUITests;
			productReference = 034B6A3D2E469AD9000391B2 /* NoteAppUITests.xctest */;
			productType = "com.apple.product-type.bundle.ui-testing";
		};
/* End PBXNativeTarget section */

/* Begin PBXProject section */
		034B6A1A2E469AD6000391B2 /* Project object */ = {
			isa = PBXProject;
			attributes = {
				BuildIndependentTargetsInParallel = 1;
				LastSwiftUpdateCheck = 1320;
				LastUpgradeCheck = 1320;
				TargetAttributes = {
					034B6A212E469AD6000391B2 = {
						CreatedOnToolsVersion = 13.2.1;
					};
					034B6A322E469AD9000391B2 = {
						CreatedOnToolsVersion = 13.2.1;
						TestTargetID = 034B6A212E469AD6000391B2;
					};
					034B6A3C2E469AD9000391B2 = {
						CreatedOnToolsVersion = 13.2.1;
						TestTargetID = 034B6A212E469AD6000391B2;
					};
				};
			};
			buildConfigurationList = 034B6A1D2E469AD6000391B2 /* Build configuration list for PBXProject "NoteApp" */;
			compatibilityVersion = "Xcode 13.0";
			developmentRegion = en;
			hasScannedForEncodings = 0;
			knownRegions = (
				en,
				Base,
			);
			mainGroup = 034B6A192E469AD6000391B2;
			productRefGroup = 034B6A232E469AD6000391B2 /* Products */;
			projectDirPath = "";
			projectRoot = "";
			targets = (
				034B6A212E469AD6000391B2 /* NoteApp */,
				034B6A322E469AD9000391B2 /* NoteAppTests */,
				034B6A3C2E469AD9000391B2 /* NoteAppUITests */,
			);
		};
/* End PBXProject section */

/* Begin PBXResourcesBuildPhase section */
		034B6A202E469AD6000391B2 /* Resources */ = {
			isa = PBXResourcesBuildPhase;
			buildActionMask = 2147483647;
			files = (
				034B6A2D2E469AD9000391B2 /* Preview Assets.xcassets in Resources */,
				034B6A2A2E469AD9000391B2 /* Assets.xcassets in Resources */,
			);
			runOnlyForDeploymentPostprocessing = 0;
		};
		034B6A312E469AD9000391B2 /* Resources */ = {
			isa = PBXResourcesBuildPhase;
			buildActionMask = 2147483647;
			files = (
			);
			runOnlyForDeploymentPostprocessing = 0;
		};
		034B6A3B2E469AD9000391B2 /* Resources */ = {
			isa = PBXResourcesBuildPhase;
			buildActionMask = 2147483647;
			files = (
			);
			runOnlyForDeploymentPostprocessing = 0;
		};
/* End PBXResourcesBuildPhase section */

/* Begin PBXSourcesBuildPhase section */
		034B6A1E2E469AD6000391B2 /* Sources */ = {
			isa = PBXSourcesBuildPhase;
			buildActionMask = 2147483647;
			files = (
				034B6A282E469AD6000391B2 /* ContentView.swift in Sources */,
				034B6A262E469AD6000391B2 /* NoteAppApp.swift in Sources */,
			);
			runOnlyForDeploymentPostprocessing = 0;
		};
		034B6A2F2E469AD9000391B2 /* Sources */ = {
			isa = PBXSourcesBuildPhase;
			buildActionMask = 2147483647;
			files = (
				034B6A382E469AD9000391B2 /* NoteAppTests.swift in Sources */,
			);
			runOnlyForDeploymentPostprocessing = 0;
		};
		034B6A392E469AD9000391B2 /* Sources */ = {
			isa = PBXSourcesBuildPhase;
			buildActionMask = 2147483647;
			files = (
				034B6A442E469AD9000391B2 /* NoteAppUITestsLaunchTests.swift in Sources */,
				034B6A422E469AD9000391B2 /* NoteAppUITests.swift in Sources */,
			);
			runOnlyForDeploymentPostprocessing = 0;
		};
/* End PBXSourcesBuildPhase section */

/* Begin PBXTargetDependency section */
		034B6A352E469AD9000391B2 /* PBXTargetDependency */ = {
			isa = PBXTargetDependency;
			target = 034B6A212E469AD6000391B2 /* NoteApp */;
			targetProxy = 034B6A342E469AD9000391B2 /* PBXContainerItemProxy */;
		};
		034B6A3F2E469AD9000391B2 /* PBXTargetDependency */ = {
			isa = PBXTargetDependency;
			target = 034B6A212E469AD6000391B2 /* NoteApp */;
			targetProxy = 034B6A3E2E469AD9000391B2 /* PBXContainerItemProxy */;
		};
/* End PBXTargetDependency section */

/* Begin XCBuildConfiguration section */
		034B6A452E469AD9000391B2 /* Debug */ = {
			isa = XCBuildConfiguration;
			buildSettings = {
				ALWAYS_SEARCH_USER_PATHS = NO;
				CLANG_ANALYZER_NONNULL = YES;
				CLANG_ANALYZER_NUMBER_OBJECT_CONVERSION = YES_AGGRESSIVE;
				CLANG_CXX_LANGUAGE_STANDARD = "gnu++17";
				CLANG_CXX_LIBRARY = "libc++";
				CLANG_ENABLE_MODULES = YES;
				CLANG_ENABLE_OBJC_ARC = YES;
				CLANG_ENABLE_OBJC_WEAK = YES;
				CLANG_WARN_BLOCK_CAPTURE_AUTORELEASING = YES;
				CLANG_WARN_BOOL_CONVERSION = YES;
				CLANG_WARN_COMMA = YES;
				CLANG_WARN_CONSTANT_CONVERSION = YES;
				CLANG_WARN_DEPRECATED_OBJC_IMPLEMENTATIONS = YES;
				CLANG_WARN_DIRECT_OBJC_ISA_USAGE = YES_ERROR;
				CLANG_WARN_DOCUMENTATION_COMMENTS = YES;
				CLANG_WARN_EMPTY_BODY = YES;
				CLANG_WARN_ENUM_CONVERSION = YES;
				CLANG_WARN_INFINITE_RECURSION = YES;
				CLANG_WARN_INT_CONVERSION = YES;
				CLANG_WARN_NON_LITERAL_NULL_CONVERSION = YES;
				CLANG_WARN_OBJC_IMPLICIT_RETAIN_SELF = YES;
				CLANG_WARN_OBJC_LITERAL_CONVERSION = YES;
				CLANG_WARN_OBJC_ROOT_CLASS = YES_ERROR;
				CLANG_WARN_QUOTED_INCLUDE_IN_FRAMEWORK_HEADER = YES;
				CLANG_WARN_RANGE_LOOP_ANALYSIS = YES;
				CLANG_WARN_STRICT_PROTOTYPES = YES;
				CLANG_WARN_SUSPICIOUS_MOVE = YES;
				CLANG_WARN_UNGUARDED_AVAILABILITY = YES_AGGRESSIVE;
				CLANG_WARN_UNREACHABLE_CODE = YES;
				CLANG_WARN__DUPLICATE_METHOD_MATCH = YES;
				COPY_PHASE_STRIP = NO;
				DEBUG_INFORMATION_FORMAT = dwarf;
				ENABLE_STRICT_OBJC_MSGSEND = YES;
				ENABLE_TESTABILITY = YES;
				GCC_C_LANGUAGE_STANDARD = gnu11;
				GCC_DYNAMIC_NO_PIC = NO;
				GCC_NO_COMMON_BLOCKS = YES;
				GCC_OPTIMIZATION_LEVEL = 0;
				GCC_PREPROCESSOR_DEFINITIONS = (
					"DEBUG=1",
					"$(inherited)",
				);
				GCC_WARN_64_TO_32_BIT_CONVERSION = YES;
				GCC_WARN_ABOUT_RETURN_TYPE = YES_ERROR;
				GCC_WARN_UNDECLARED_SELECTOR = YES;
				GCC_WARN_UNINITIALIZED_AUTOS = YES_AGGRESSIVE;
				GCC_WARN_UNUSED_FUNCTION = YES;
				GCC_WARN_UNUSED_VARIABLE = YES;
				MACOSX_DEPLOYMENT_TARGET = 11.7;
				MTL_ENABLE_DEBUG_INFO = INCLUDE_SOURCE;
				MTL_FAST_MATH = YES;
				ONLY_ACTIVE_ARCH = YES;
				SDKROOT = macosx;
				SWIFT_ACTIVE_COMPILATION_CONDITIONS = DEBUG;
				SWIFT_OPTIMIZATION_LEVEL = "-Onone";
			};
			name = Debug;
		};
		034B6A462E469AD9000391B2 /* Release */ = {
			isa = XCBuildConfiguration;
			buildSettings = {
				ALWAYS_SEARCH_USER_PATHS = NO;
				CLANG_ANALYZER_NONNULL = YES;
				CLANG_ANALYZER_NUMBER_OBJECT_CONVERSION = YES_AGGRESSIVE;
				CLANG_CXX_LANGUAGE_STANDARD = "gnu++17";
				CLANG_CXX_LIBRARY = "libc++";
				CLANG_ENABLE_MODULES = YES;
				CLANG_ENABLE_OBJC_ARC = YES;
				CLANG_ENABLE_OBJC_WEAK = YES;
				CLANG_WARN_BLOCK_CAPTURE_AUTORELEASING = YES;
				CLANG_WARN_BOOL_CONVERSION = YES;
				CLANG_WARN_COMMA = YES;
				CLANG_WARN_CONSTANT_CONVERSION = YES;
				CLANG_WARN_DEPRECATED_OBJC_IMPLEMENTATIONS = YES;
				CLANG_WARN_DIRECT_OBJC_ISA_USAGE = YES_ERROR;
				CLANG_WARN_DOCUMENTATION_COMMENTS = YES;
				CLANG_WARN_EMPTY_BODY = YES;
				CLANG_WARN_ENUM_CONVERSION = YES;
				CLANG_WARN_INFINITE_RECURSION = YES;
				CLANG_WARN_INT_CONVERSION = YES;
				CLANG_WARN_NON_LITERAL_NULL_CONVERSION = YES;
				CLANG_WARN_OBJC_IMPLICIT_RETAIN_SELF = YES;
				CLANG_WARN_OBJC_LITERAL_CONVERSION = YES;
				CLANG_WARN_OBJC_ROOT_CLASS = YES_ERROR;
				CLANG_WARN_QUOTED_INCLUDE_IN_FRAMEWORK_HEADER = YES;
				CLANG_WARN_RANGE_LOOP_ANALYSIS = YES;
				CLANG_WARN_STRICT_PROTOTYPES = YES;
				CLANG_WARN_SUSPICIOUS_MOVE = YES;
				CLANG_WARN_UNGUARDED_AVAILABILITY = YES_AGGRESSIVE;
				CLANG_WARN_UNREACHABLE_CODE = YES;
				CLANG_WARN__DUPLICATE_METHOD_MATCH = YES;
				COPY_PHASE_STRIP = NO;
				DEBUG_INFORMATION_FORMAT = "dwarf-with-dsym";
				ENABLE_NS_ASSERTIONS = NO;
				ENABLE_STRICT_OBJC_MSGSEND = YES;
				GCC_C_LANGUAGE_STANDARD = gnu11;
				GCC_NO_COMMON_BLOCKS = YES;
				GCC_WARN_64_TO_32_BIT_CONVERSION = YES;
				GCC_WARN_ABOUT_RETURN_TYPE = YES_ERROR;
				GCC_WARN_UNDECLARED_SELECTOR = YES;
				GCC_WARN_UNINITIALIZED_AUTOS = YES_AGGRESSIVE;
				GCC_WARN_UNUSED_FUNCTION = YES;
				GCC_WARN_UNUSED_VARIABLE = YES;
				MACOSX_DEPLOYMENT_TARGET = 11.7;
				MTL_ENABLE_DEBUG_INFO = NO;
				MTL_FAST_MATH = YES;
				SDKROOT = macosx;
				SWIFT_COMPILATION_MODE = wholemodule;
				SWIFT_OPTIMIZATION_LEVEL = "-O";
			};
			name = Release;
		};
		034B6A482E469AD9000391B2 /* Debug */ = {
			isa = XCBuildConfiguration;
			buildSettings = {
				ASSETCATALOG_COMPILER_APPICON_NAME = AppIcon;
				ASSETCATALOG_COMPILER_GLOBAL_ACCENT_COLOR_NAME = AccentColor;
				CODE_SIGN_ENTITLEMENTS = NoteApp/NoteApp.entitlements;
				CODE_SIGN_STYLE = Automatic;
				COMBINE_HIDPI_IMAGES = YES;
				CURRENT_PROJECT_VERSION = 1;
				DEVELOPMENT_ASSET_PATHS = "\"NoteApp/Preview Content\"";
				ENABLE_PREVIEWS = YES;
				GENERATE_INFOPLIST_FILE = YES;
				INFOPLIST_KEY_NSHumanReadableCopyright = "";
				LD_RUNPATH_SEARCH_PATHS = (
					"$(inherited)",
					"@executable_path/../Frameworks",
				);
				MARKETING_VERSION = 1.0;
				PRODUCT_BUNDLE_IDENTIFIER = com.en.helloworldapp.NoteApp;
				PRODUCT_NAME = "$(TARGET_NAME)";
				SWIFT_EMIT_LOC_STRINGS = YES;
				SWIFT_VERSION = 5.0;
			};
			name = Debug;
		};
		034B6A492E469AD9000391B2 /* Release */ = {
			isa = XCBuildConfiguration;
			buildSettings = {
				ASSETCATALOG_COMPILER_APPICON_NAME = AppIcon;
				ASSETCATALOG_COMPILER_GLOBAL_ACCENT_COLOR_NAME = AccentColor;
				CODE_SIGN_ENTITLEMENTS = NoteApp/NoteApp.entitlements;
				CODE_SIGN_STYLE = Automatic;
				COMBINE_HIDPI_IMAGES = YES;
				CURRENT_PROJECT_VERSION = 1;
				DEVELOPMENT_ASSET_PATHS = "\"NoteApp/Preview Content\"";
				ENABLE_PREVIEWS = YES;
				GENERATE_INFOPLIST_FILE = YES;
				INFOPLIST_KEY_NSHumanReadableCopyright = "";
				LD_RUNPATH_SEARCH_PATHS = (
					"$(inherited)",
					"@executable_path/../Frameworks",
				);
				MARKETING_VERSION = 1.0;
				PRODUCT_BUNDLE_IDENTIFIER = com.en.helloworldapp.NoteApp;
				PRODUCT_NAME = "$(TARGET_NAME)";
				SWIFT_EMIT_LOC_STRINGS = YES;
				SWIFT_VERSION = 5.0;
			};
			name = Release;
		};
		034B6A4B2E469AD9000391B2 /* Debug */ = {
			isa = XCBuildConfiguration;
			buildSettings = {
				ALWAYS_EMBED_SWIFT_STANDARD_LIBRARIES = YES;
				BUNDLE_LOADER = "$(TEST_HOST)";
				CODE_SIGN_STYLE = Automatic;
				CURRENT_PROJECT_VERSION = 1;
				GENERATE_INFOPLIST_FILE = YES;
				MACOSX_DEPLOYMENT_TARGET = 11.7;
				MARKETING_VERSION = 1.0;
				PRODUCT_BUNDLE_IDENTIFIER = com.en.helloworldapp.NoteAppTests;
				PRODUCT_NAME = "$(TARGET_NAME)";
				SWIFT_EMIT_LOC_STRINGS = NO;
				SWIFT_VERSION = 5.0;
				TEST_HOST = "$(BUILT_PRODUCTS_DIR)/NoteApp.app/Contents/MacOS/NoteApp";
			};
			name = Debug;
		};
		034B6A4C2E469AD9000391B2 /* Release */ = {
			isa = XCBuildConfiguration;
			buildSettings = {
				ALWAYS_EMBED_SWIFT_STANDARD_LIBRARIES = YES;
				BUNDLE_LOADER = "$(TEST_HOST)";
				CODE_SIGN_STYLE = Automatic;
				CURRENT_PROJECT_VERSION = 1;
				GENERATE_INFOPLIST_FILE = YES;
				MACOSX_DEPLOYMENT_TARGET = 11.7;
				MARKETING_VERSION = 1.0;
				PRODUCT_BUNDLE_IDENTIFIER = com.en.helloworldapp.NoteAppTests;
				PRODUCT_NAME = "$(TARGET_NAME)";
				SWIFT_EMIT_LOC_STRINGS = NO;
				SWIFT_VERSION = 5.0;
				TEST_HOST = "$(BUILT_PRODUCTS_DIR)/NoteApp.app/Contents/MacOS/NoteApp";
			};
			name = Release;
		};
		034B6A4E2E469AD9000391B2 /* Debug */ = {
			isa = XCBuildConfiguration;
			buildSettings = {
				ALWAYS_EMBED_SWIFT_STANDARD_LIBRARIES = YES;
				CODE_SIGN_STYLE = Automatic;
				CURRENT_PROJECT_VERSION = 1;
				GENERATE_INFOPLIST_FILE = YES;
				MARKETING_VERSION = 1.0;
				PRODUCT_BUNDLE_IDENTIFIER = com.en.helloworldapp.NoteAppUITests;
				PRODUCT_NAME = "$(TARGET_NAME)";
				SWIFT_EMIT_LOC_STRINGS = NO;
				SWIFT_VERSION = 5.0;
				TEST_TARGET_NAME = NoteApp;
			};
			name = Debug;
		};
		034B6A4F2E469AD9000391B2 /* Release */ = {
			isa = XCBuildConfiguration;
			buildSettings = {
				ALWAYS_EMBED_SWIFT_STANDARD_LIBRARIES = YES;
				CODE_SIGN_STYLE = Automatic;
				CURRENT_PROJECT_VERSION = 1;
				GENERATE_INFOPLIST_FILE = YES;
				MARKETING_VERSION = 1.0;
				PRODUCT_BUNDLE_IDENTIFIER = com.en.helloworldapp.NoteAppUITests;
				PRODUCT_NAME = "$(TARGET_NAME)";
				SWIFT_EMIT_LOC_STRINGS = NO;
				SWIFT_VERSION = 5.0;
				TEST_TARGET_NAME = NoteApp;
			};
			name = Release;
		};
/* End XCBuildConfiguration section */

/* Begin XCConfigurationList section */
		034B6A1D2E469AD6000391B2 /* Build configuration list for PBXProject "NoteApp" */ = {
			isa = XCConfigurationList;
			buildConfigurations = (
				034B6A452E469AD9000391B2 /* Debug */,
				034B6A462E469AD9000391B2 /* Release */,
			);
			defaultConfigurationIsVisible = 0;
			defaultConfigurationName = Release;
		};
		034B6A472E469AD9000391B2 /* Build configuration list for PBXNativeTarget "NoteApp" */ = {
			isa = XCConfigurationList;
			buildConfigurations = (
				034B6A482E469AD9000391B2 /* Debug */,
				034B6A492E469AD9000391B2 /* Release */,
			);
			defaultConfigurationIsVisible = 0;
			defaultConfigurationName = Release;
		};
		034B6A4A2E469AD9000391B2 /* Build configuration list for PBXNativeTarget "NoteAppTests" */ = {
			isa = XCConfigurationList;
			buildConfigurations = (
				034B6A4B2E469AD9000391B2 /* Debug */,
				034B6A4C2E469AD9000391B2 /* Release */,
			);
			defaultConfigurationIsVisible = 0;
			defaultConfigurationName = Release;
		};
		034B6A4D2E469AD9000391B2 /* Build configuration list for PBXNativeTarget "NoteAppUITests" */ = {
			isa = XCConfigurationList;
			buildConfigurations = (
				034B6A4E2E469AD9000391B2 /* Debug */,
				034B6A4F2E469AD9000391B2 /* Release */,
			);
			defaultConfigurationIsVisible = 0;
			defaultConfigurationName = Release;
		};
/* End XCConfigurationList section */
	};
	rootObject = 034B6A1A2E469AD6000391B2 /* Project object */;
}
